
Microsoft Visual Studio Solution File, Format Version 12.00
# Visual Studio Version 16
VisualStudioVersion = 16.0.30413.136
MinimumVisualStudioVersion = 10.0.40219.1
Project("{FAE04EC0-301F-11D3-BF4B-00C04F79EFBC}") = "gh900416_MIS4200", "gh900416_MIS4200.csproj", "{2B95D27D-1AED-4B08-8803-CDAD96C804E9}"
EndProject
Global
	GlobalSection(SolutionConfigurationPlatforms) = preSolution
		Debug|Any CPU = Debug|Any CPU
		Release|Any CPU = Release|Any CPU
	EndGlobalSection
	GlobalSection(ProjectConfigurationPlatforms) = postSolution
		{2B95D27D-1AED-4B08-8803-CDAD96C804E9}.Debug|Any CPU.ActiveCfg = Debug|Any CPU
		{2B95D27D-1AED-4B08-8803-CDAD96C804E9}.Debug|Any CPU.Build.0 = Debug|Any CPU
		{2B95D27D-1AED-4B08-8803-CDAD96C804E9}.Release|Any CPU.ActiveCfg = Release|Any CPU
		{2B95D27D-1AED-4B08-8803-CDAD96C804E9}.Release|Any CPU.Build.0 = Release|Any CPU
	EndGlobalSection
	GlobalSection(SolutionProperties) = preSolution
		HideSolutionNode = FALSE
	EndGlobalSection
	GlobalSection(ExtensibilityGlobals) = postSolution
		SolutionGuid = {F8E3906C-A742-4375-B45D-63411F5CA794}
	EndGlobalSection
EndGlobal
